[root]
name = "master"
version = "0.1.0"
dependencies = [
 "ctrlc 3.0.2 (registry+https://github.com/rust-lang/crates.io-index)",
 "nix 0.9.0 (registry+https://github.com/rust-lang/crates.io-index)",
 "zmq 0.8.2 (registry+https://github.com/rust-lang/crates.io-index)",
]

[[package]]
name = "bitflags"
version = "0.9.1"
source = "registry+https://github.com/rust-lang/crates.io-index"

[[package]]
name = "cfg-if"
version = "0.1.2"
source = "registry+https://github.com/rust-lang/crates.io-index"

[[package]]
name = "ctrlc"
version = "3.0.2"
source = "registry+https://github.com/rust-lang/crates.io-index"
dependencies = [
 "kernel32-sys 0.2.2 (registry+https://github.com/rust-lang/crates.io-index)",
 "libc 0.2.31 (registry+https://github.com/rust-lang/crates.io-index)",
 "winapi 0.2.8 (registry+https://github.com/rust-lang/crates.io-index)",
]

[[package]]
name = "error-chain"
version = "0.10.0"
source = "registry+https://github.com/rust-lang/crates.io-index"

[[package]]
name = "kernel32-sys"
version = "0.2.2"
source = "registry+https://github.com/rust-lang/crates.io-index"
dependencies = [
 "winapi 0.2.8 (registry+https://github.com/rust-lang/crates.io-index)",
 "winapi-build 0.1.1 (registry+https://github.com/rust-lang/crates.io-index)",
]

[[package]]
name = "libc"
version = "0.2.31"
source = "registry+https://github.com/rust-lang/crates.io-index"

[[package]]
name = "log"
version = "0.3.8"
source = "registry+https://github.com/rust-lang/crates.io-index"

[[package]]
name = "metadeps"
version = "1.1.2"
source = "registry+https://github.com/rust-lang/crates.io-index"
dependencies = [
 "error-chain 0.10.0 (registry+https://github.com/rust-lang/crates.io-index)",
 "pkg-config 0.3.9 (registry+https://github.com/rust-lang/crates.io-index)",
 "toml 0.2.1 (registry+https://github.com/rust-lang/crates.io-index)",
]

[[package]]
name = "nix"
version = "0.9.0"
source = "registry+https://github.com/rust-lang/crates.io-index"
dependencies = [
 "bitflags 0.9.1 (registry+https://github.com/rust-lang/crates.io-index)",
 "cfg-if 0.1.2 (registry+https://github.com/rust-lang/crates.io-index)",
 "libc 0.2.31 (registry+https://github.com/rust-lang/crates.io-index)",
 "void 1.0.2 (registry+https://github.com/rust-lang/crates.io-index)",
]

[[package]]
name = "pkg-config"
version = "0.3.9"
source = "registry+https://github.com/rust-lang/crates.io-index"

[[package]]
name = "toml"
version = "0.2.1"
source = "registry+https://github.com/rust-lang/crates.io-index"

[[package]]
name = "void"
version = "1.0.2"
source = "registry+https://github.com/rust-lang/crates.io-index"

[[package]]
name = "winapi"
version = "0.2.8"
source = "registry+https://github.com/rust-lang/crates.io-index"

[[package]]
name = "winapi-build"
version = "0.1.1"
source = "registry+https://github.com/rust-lang/crates.io-index"

[[package]]
name = "zmq"
version = "0.8.2"
source = "registry+https://github.com/rust-lang/crates.io-index"
dependencies = [
 "libc 0.2.31 (registry+https://github.com/rust-lang/crates.io-index)",
 "log 0.3.8 (registry+https://github.com/rust-lang/crates.io-index)",
 "zmq-sys 0.8.2 (registry+https://github.com/rust-lang/crates.io-index)",
]

[[package]]
name = "zmq-sys"
version = "0.8.2"
source = "registry+https://github.com/rust-lang/crates.io-index"
dependencies = [
 "libc 0.2.31 (registry+https://github.com/rust-lang/crates.io-index)",
 "metadeps 1.1.2 (registry+https://github.com/rust-lang/crates.io-index)",
]

[metadata]
"checksum bitflags 0.9.1 (registry+https://github.com/rust-lang/crates.io-index)" = "4efd02e230a02e18f92fc2735f44597385ed02ad8f831e7c1c1156ee5e1ab3a5"
"checksum cfg-if 0.1.2 (registry+https://github.com/rust-lang/crates.io-index)" = "d4c819a1287eb618df47cc647173c5c4c66ba19d888a6e50d605672aed3140de"
"checksum ctrlc 3.0.2 (registry+https://github.com/rust-lang/crates.io-index)" = "1c663ee353d7e03e4f895af66ff7d3537f94c09deaa341a2f450684a3d45cb46"
"checksum error-chain 0.10.0 (registry+https://github.com/rust-lang/crates.io-index)" = "d9435d864e017c3c6afeac1654189b06cdb491cf2ff73dbf0d73b0f292f42ff8"
"checksum kernel32-sys 0.2.2 (registry+https://github.com/rust-lang/crates.io-index)" = "7507624b29483431c0ba2d82aece8ca6cdba9382bff4ddd0f7490560c056098d"
"checksum libc 0.2.31 (registry+https://github.com/rust-lang/crates.io-index)" = "d1419b2939a0bc44b77feb34661583c7546b532b192feab36249ab584b86856c"
"checksum log 0.3.8 (registry+https://github.com/rust-lang/crates.io-index)" = "880f77541efa6e5cc74e76910c9884d9859683118839d6a1dc3b11e63512565b"
"checksum metadeps 1.1.2 (registry+https://github.com/rust-lang/crates.io-index)" = "73b122901b3a675fac8cecf68dcb2f0d3036193bc861d1ac0e1c337f7d5254c2"
"checksum nix 0.9.0 (registry+https://github.com/rust-lang/crates.io-index)" = "a2c5afeb0198ec7be8569d666644b574345aad2e95a53baf3a532da3e0f3fb32"
"checksum pkg-config 0.3.9 (registry+https://github.com/rust-lang/crates.io-index)" = "3a8b4c6b8165cd1a1cd4b9b120978131389f64bdaf456435caa41e630edba903"
"checksum toml 0.2.1 (registry+https://github.com/rust-lang/crates.io-index)" = "736b60249cb25337bc196faa43ee12c705e426f3d55c214d73a4e7be06f92cb4"
"checksum void 1.0.2 (registry+https://github.com/rust-lang/crates.io-index)" = "6a02e4885ed3bc0f2de90ea6dd45ebcbb66dacffe03547fadbb0eeae2770887d"
"checksum winapi 0.2.8 (registry+https://github.com/rust-lang/crates.io-index)" = "167dc9d6949a9b857f3451275e911c3f44255842c1f7a76f33c55103a909087a"
"checksum winapi-build 0.1.1 (registry+https://github.com/rust-lang/crates.io-index)" = "2d315eee3b34aca4797b2da6b13ed88266e6d612562a0c46390af8299fc699bc"
"checksum zmq 0.8.2 (registry+https://github.com/rust-lang/crates.io-index)" = "3e6e33f05ebc9a1cb360e5db1f8ed6e5512ece86aed271654b0f171d04c24c23"
"checksum zmq-sys 0.8.2 (registry+https://github.com/rust-lang/crates.io-index)" = "c3cc251d25f3c6ffc54dfa3e8d808598825f8ccfee3a008dfc7866ffe325dcb3"
